// !$*UTF8*$!
{
	archiveVersion = 1;
	classes = {
	};
	objectVersion = 56;
	objects = {

/* Begin PBXBuildFile section */
		8E00C70C2BE418E40096A7B7 /* ImportFromHistoryButton.swift in Sources */ = {isa = PBXBuildFile; fileRef = 8E00C70B2BE418E40096A7B7 /* ImportFromHistoryButton.swift */; };
		8E00C70E2BE4191B0096A7B7 /* RemoveFromHistoryButton.swift in Sources */ = {isa = PBXBuildFile; fileRef = 8E00C70D2BE4191B0096A7B7 /* RemoveFromHistoryButton.swift */; };
		8E1E02502BDCE41200F5961F /* Utils.swift in Sources */ = {isa = PBXBuildFile; fileRef = 8E1E024F2BDCE41200F5961F /* Utils.swift */; };
		8E1E02522BDCEE7700F5961F /* Data.json in Resources */ = {isa = PBXBuildFile; fileRef = 8E1E02512BDCEE7700F5961F /* Data.json */; };
		8E1E02542BDCEEF200F5961F /* LocalFetch.swift in Sources */ = {isa = PBXBuildFile; fileRef = 8E1E02532BDCEEF200F5961F /* LocalFetch.swift */; };
		8E1E02572BDCF6A400F5961F /* MainView.swift in Sources */ = {isa = PBXBuildFile; fileRef = 8E1E02562BDCF6A400F5961F /* MainView.swift */; };
		8E1E02592BDCF71500F5961F /* HomeTabView.swift in Sources */ = {isa = PBXBuildFile; fileRef = 8E1E02582BDCF71500F5961F /* HomeTabView.swift */; };
		8E1E025B2BDCF73C00F5961F /* SearchTabView.swift in Sources */ = {isa = PBXBuildFile; fileRef = 8E1E025A2BDCF73C00F5961F /* SearchTabView.swift */; };
		8E45D57E2BE3A6F800571878 /* HistoryView.swift in Sources */ = {isa = PBXBuildFile; fileRef = 8E45D57D2BE3A6F800571878 /* HistoryView.swift */; };
		8E4CF6662BE0105A007EC904 /* ExercisesViewModel.swift in Sources */ = {isa = PBXBuildFile; fileRef = 8E4CF6652BE0105A007EC904 /* ExercisesViewModel.swift */; };
		8E4CF6682BE01428007EC904 /* RepsViewModel.swift in Sources */ = {isa = PBXBuildFile; fileRef = 8E4CF6672BE01428007EC904 /* RepsViewModel.swift */; };
		8E706C9D2BDA2BEB00C83A46 /* Gym_BuddyApp.swift in Sources */ = {isa = PBXBuildFile; fileRef = 8E706C9C2BDA2BEB00C83A46 /* Gym_BuddyApp.swift */; };
		8E706CA12BDA2BEC00C83A46 /* Assets.xcassets in Resources */ = {isa = PBXBuildFile; fileRef = 8E706CA02BDA2BEC00C83A46 /* Assets.xcassets */; };
		8E706CA42BDA2BEC00C83A46 /* Preview Assets.xcassets in Resources */ = {isa = PBXBuildFile; fileRef = 8E706CA32BDA2BEC00C83A46 /* Preview Assets.xcassets */; };
		8E706CA92BDA2BEC00C83A46 /* Gym_Buddy.xcdatamodeld in Sources */ = {isa = PBXBuildFile; fileRef = 8E706CA72BDA2BEC00C83A46 /* Gym_Buddy.xcdatamodeld */; };
		8E706CB32BDA2BEC00C83A46 /* Gym_BuddyTests.swift in Sources */ = {isa = PBXBuildFile; fileRef = 8E706CB22BDA2BEC00C83A46 /* Gym_BuddyTests.swift */; };
		8E706CBD2BDA2BEC00C83A46 /* Gym_BuddyUITests.swift in Sources */ = {isa = PBXBuildFile; fileRef = 8E706CBC2BDA2BEC00C83A46 /* Gym_BuddyUITests.swift */; };
		8E706CBF2BDA2BEC00C83A46 /* Gym_BuddyUITestsLaunchTests.swift in Sources */ = {isa = PBXBuildFile; fileRef = 8E706CBE2BDA2BEC00C83A46 /* Gym_BuddyUITestsLaunchTests.swift */; };
		8E706CCE2BDA2C1E00C83A46 /* Network.swift in Sources */ = {isa = PBXBuildFile; fileRef = 8E706CCD2BDA2C1E00C83A46 /* Network.swift */; };
		8E706CD12BDA450600C83A46 /* SDWebImageSwiftUI in Frameworks */ = {isa = PBXBuildFile; productRef = 8E706CD02BDA450600C83A46 /* SDWebImageSwiftUI */; };
		8E706CD52BDA459300C83A46 /* ContentView.swift in Sources */ = {isa = PBXBuildFile; fileRef = 8E706C9E2BDA2BEB00C83A46 /* ContentView.swift */; };
		8E706CD82BDA45E300C83A46 /* SearchView.swift in Sources */ = {isa = PBXBuildFile; fileRef = 8E706CD72BDA45E300C83A46 /* SearchView.swift */; };
		8E706CDE2BDA4BAC00C83A46 /* ExerciseApi.swift in Sources */ = {isa = PBXBuildFile; fileRef = 8E706CDD2BDA4BAC00C83A46 /* ExerciseApi.swift */; };
		8E75093E2BDBE47B00147F8B /* CoreDataProvider.swift in Sources */ = {isa = PBXBuildFile; fileRef = 8E75093D2BDBE47B00147F8B /* CoreDataProvider.swift */; };
		8E7B01CD2BE25372009A1D97 /* CustomRepsView.swift in Sources */ = {isa = PBXBuildFile; fileRef = 8E7B01CC2BE25372009A1D97 /* CustomRepsView.swift */; };
		8E7B01CF2BE25387009A1D97 /* AddRepsButton.swift in Sources */ = {isa = PBXBuildFile; fileRef = 8E7B01CE2BE25387009A1D97 /* AddRepsButton.swift */; };
		8E7B01D12BE253A5009A1D97 /* CustomExerciseRepsView.swift in Sources */ = {isa = PBXBuildFile; fileRef = 8E7B01D02BE253A5009A1D97 /* CustomExerciseRepsView.swift */; };
		8E7B01D42BE25FD1009A1D97 /* DatePickerView.swift in Sources */ = {isa = PBXBuildFile; fileRef = 8E7B01D32BE25FD1009A1D97 /* DatePickerView.swift */; };
		8E7B01D62BE25FE1009A1D97 /* CompactDatePicker.swift in Sources */ = {isa = PBXBuildFile; fileRef = 8E7B01D52BE25FE1009A1D97 /* CompactDatePicker.swift */; };
		8E7B01D92BE260C6009A1D97 /* SuggestionsView.swift in Sources */ = {isa = PBXBuildFile; fileRef = 8E7B01D82BE260C6009A1D97 /* SuggestionsView.swift */; };
		8E9FFF9A2BDAD1E300D4211E /* CustomExerciseView.swift in Sources */ = {isa = PBXBuildFile; fileRef = 8E9FFF992BDAD1E300D4211E /* CustomExerciseView.swift */; };
		8E9FFF9D2BDAD75300D4211E /* ExerciseDetailView.swift in Sources */ = {isa = PBXBuildFile; fileRef = 8E9FFF9C2BDAD75300D4211E /* ExerciseDetailView.swift */; };
		8E9FFF9E2BDADF2A00D4211E /* AdvancedSearch.swift in Sources */ = {isa = PBXBuildFile; fileRef = 8E706CD92BDA487500C83A46 /* AdvancedSearch.swift */; };
		8E9FFFA02BDAE16500D4211E /* NetworkExercise.swift in Sources */ = {isa = PBXBuildFile; fileRef = 8E9FFF9F2BDAE16500D4211E /* NetworkExercise.swift */; };
		8ED58C8A2BDE2EAC008611FC /* AddRepsAndWeightButton.swift in Sources */ = {isa = PBXBuildFile; fileRef = 8ED58C892BDE2EAC008611FC /* AddRepsAndWeightButton.swift */; };
		8ED58C8C2BDE3022008611FC /* EmptySearchView.swift in Sources */ = {isa = PBXBuildFile; fileRef = 8ED58C8B2BDE3022008611FC /* EmptySearchView.swift */; };
		8ED58C8E2BDE3B90008611FC /* CoreDataModel.swift in Sources */ = {isa = PBXBuildFile; fileRef = 8ED58C8D2BDE3B90008611FC /* CoreDataModel.swift */; };
		8ED58C912BDE4851008611FC /* ExercisesDB.swift in Sources */ = {isa = PBXBuildFile; fileRef = 8ED58C902BDE4851008611FC /* ExercisesDB.swift */; };
		8ED58C932BDE4906008611FC /* RepsDB.swift in Sources */ = {isa = PBXBuildFile; fileRef = 8ED58C922BDE4906008611FC /* RepsDB.swift */; };
		8ED58C962BDE4C44008611FC /* DateExtension.swift in Sources */ = {isa = PBXBuildFile; fileRef = 8ED58C952BDE4C44008611FC /* DateExtension.swift */; };
		8EE0D97E2BDEEE2800023125 /* Launch Screen.storyboard in Resources */ = {isa = PBXBuildFile; fileRef = 8EE0D97D2BDEEE2800023125 /* Launch Screen.storyboard */; };
/* End PBXBuildFile section */

/* Begin PBXContainerItemProxy section */
		8E706CAF2BDA2BEC00C83A46 /* PBXContainerItemProxy */ = {
			isa = PBXContainerItemProxy;
			containerPortal = 8E706C912BDA2BEB00C83A46 /* Project object */;
			proxyType = 1;
			remoteGlobalIDString = 8E706C982BDA2BEB00C83A46;
			remoteInfo = "Gym Buddy";
		};
		8E706CB92BDA2BEC00C83A46 /* PBXContainerItemProxy */ = {
			isa = PBXContainerItemProxy;
			containerPortal = 8E706C912BDA2BEB00C83A46 /* Project object */;
			proxyType = 1;
			remoteGlobalIDString = 8E706C982BDA2BEB00C83A46;
			remoteInfo = "Gym Buddy";
		};
/* End PBXContainerItemProxy section */

/* Begin PBXFileReference section */
		8E00C70B2BE418E40096A7B7 /* ImportFromHistoryButton.swift */ = {isa = PBXFileReference; lastKnownFileType = sourcecode.swift; path = ImportFromHistoryButton.swift; sourceTree = "<group>"; };
		8E00C70D2BE4191B0096A7B7 /* RemoveFromHistoryButton.swift */ = {isa = PBXFileReference; lastKnownFileType = sourcecode.swift; path = RemoveFromHistoryButton.swift; sourceTree = "<group>"; };
		8E1E024F2BDCE41200F5961F /* Utils.swift */ = {isa = PBXFileReference; lastKnownFileType = sourcecode.swift; path = Utils.swift; sourceTree = "<group>"; };
		8E1E02512BDCEE7700F5961F /* Data.json */ = {isa = PBXFileReference; lastKnownFileType = text.json; path = Data.json; sourceTree = "<group>"; };
		8E1E02532BDCEEF200F5961F /* LocalFetch.swift */ = {isa = PBXFileReference; lastKnownFileType = sourcecode.swift; path = LocalFetch.swift; sourceTree = "<group>"; };
		8E1E02562BDCF6A400F5961F /* MainView.swift */ = {isa = PBXFileReference; lastKnownFileType = sourcecode.swift; path = MainView.swift; sourceTree = "<group>"; };
		8E1E02582BDCF71500F5961F /* HomeTabView.swift */ = {isa = PBXFileReference; lastKnownFileType = sourcecode.swift; path = HomeTabView.swift; sourceTree = "<group>"; };
		8E1E025A2BDCF73C00F5961F /* SearchTabView.swift */ = {isa = PBXFileReference; lastKnownFileType = sourcecode.swift; path = SearchTabView.swift; sourceTree = "<group>"; };
		8E45D57D2BE3A6F800571878 /* HistoryView.swift */ = {isa = PBXFileReference; lastKnownFileType = sourcecode.swift; path = HistoryView.swift; sourceTree = "<group>"; };
		8E4CF6652BE0105A007EC904 /* ExercisesViewModel.swift */ = {isa = PBXFileReference; lastKnownFileType = sourcecode.swift; path = ExercisesViewModel.swift; sourceTree = "<group>"; };
		8E4CF6672BE01428007EC904 /* RepsViewModel.swift */ = {isa = PBXFileReference; lastKnownFileType = sourcecode.swift; path = RepsViewModel.swift; sourceTree = "<group>"; };
		8E706C992BDA2BEB00C83A46 /* Gym Buddy.app */ = {isa = PBXFileReference; explicitFileType = wrapper.application; includeInIndex = 0; path = "Gym Buddy.app"; sourceTree = BUILT_PRODUCTS_DIR; };
		8E706C9C2BDA2BEB00C83A46 /* Gym_BuddyApp.swift */ = {isa = PBXFileReference; lastKnownFileType = sourcecode.swift; path = Gym_BuddyApp.swift; sourceTree = "<group>"; };
		8E706C9E2BDA2BEB00C83A46 /* ContentView.swift */ = {isa = PBXFileReference; lastKnownFileType = sourcecode.swift; path = ContentView.swift; sourceTree = "<group>"; };
		8E706CA02BDA2BEC00C83A46 /* Assets.xcassets */ = {isa = PBXFileReference; lastKnownFileType = folder.assetcatalog; path = Assets.xcassets; sourceTree = "<group>"; };
		8E706CA32BDA2BEC00C83A46 /* Preview Assets.xcassets */ = {isa = PBXFileReference; lastKnownFileType = folder.assetcatalog; path = "Preview Assets.xcassets"; sourceTree = "<group>"; };
		8E706CA82BDA2BEC00C83A46 /* Gym_Buddy.xcdatamodel */ = {isa = PBXFileReference; lastKnownFileType = wrapper.xcdatamodel; path = Gym_Buddy.xcdatamodel; sourceTree = "<group>"; };
		8E706CAE2BDA2BEC00C83A46 /* Gym BuddyTests.xctest */ = {isa = PBXFileReference; explicitFileType = wrapper.cfbundle; includeInIndex = 0; path = "Gym BuddyTests.xctest"; sourceTree = BUILT_PRODUCTS_DIR; };
		8E706CB22BDA2BEC00C83A46 /* Gym_BuddyTests.swift */ = {isa = PBXFileReference; lastKnownFileType = sourcecode.swift; path = Gym_BuddyTests.swift; sourceTree = "<group>"; };
		8E706CB82BDA2BEC00C83A46 /* Gym BuddyUITests.xctest */ = {isa = PBXFileReference; explicitFileType = wrapper.cfbundle; includeInIndex = 0; path = "Gym BuddyUITests.xctest"; sourceTree = BUILT_PRODUCTS_DIR; };
		8E706CBC2BDA2BEC00C83A46 /* Gym_BuddyUITests.swift */ = {isa = PBXFileReference; lastKnownFileType = sourcecode.swift; path = Gym_BuddyUITests.swift; sourceTree = "<group>"; };
		8E706CBE2BDA2BEC00C83A46 /* Gym_BuddyUITestsLaunchTests.swift */ = {isa = PBXFileReference; lastKnownFileType = sourcecode.swift; path = Gym_BuddyUITestsLaunchTests.swift; sourceTree = "<group>"; };
		8E706CCD2BDA2C1E00C83A46 /* Network.swift */ = {isa = PBXFileReference; lastKnownFileType = sourcecode.swift; path = Network.swift; sourceTree = "<group>"; };
		8E706CD72BDA45E300C83A46 /* SearchView.swift */ = {isa = PBXFileReference; lastKnownFileType = sourcecode.swift; path = SearchView.swift; sourceTree = "<group>"; };
		8E706CD92BDA487500C83A46 /* AdvancedSearch.swift */ = {isa = PBXFileReference; lastKnownFileType = sourcecode.swift; path = AdvancedSearch.swift; sourceTree = "<group>"; };
		8E706CDD2BDA4BAC00C83A46 /* ExerciseApi.swift */ = {isa = PBXFileReference; lastKnownFileType = sourcecode.swift; path = ExerciseApi.swift; sourceTree = "<group>"; };
		8E75093D2BDBE47B00147F8B /* CoreDataProvider.swift */ = {isa = PBXFileReference; lastKnownFileType = sourcecode.swift; path = CoreDataProvider.swift; sourceTree = "<group>"; };
		8E7B01CC2BE25372009A1D97 /* CustomRepsView.swift */ = {isa = PBXFileReference; lastKnownFileType = sourcecode.swift; path = CustomRepsView.swift; sourceTree = "<group>"; };
		8E7B01CE2BE25387009A1D97 /* AddRepsButton.swift */ = {isa = PBXFileReference; lastKnownFileType = sourcecode.swift; path = AddRepsButton.swift; sourceTree = "<group>"; };
		8E7B01D02BE253A5009A1D97 /* CustomExerciseRepsView.swift */ = {isa = PBXFileReference; lastKnownFileType = sourcecode.swift; path = CustomExerciseRepsView.swift; sourceTree = "<group>"; };
		8E7B01D32BE25FD1009A1D97 /* DatePickerView.swift */ = {isa = PBXFileReference; lastKnownFileType = sourcecode.swift; path = DatePickerView.swift; sourceTree = "<group>"; };
		8E7B01D52BE25FE1009A1D97 /* CompactDatePicker.swift */ = {isa = PBXFileReference; lastKnownFileType = sourcecode.swift; path = CompactDatePicker.swift; sourceTree = "<group>"; };
		8E7B01D82BE260C6009A1D97 /* SuggestionsView.swift */ = {isa = PBXFileReference; lastKnownFileType = sourcecode.swift; path = SuggestionsView.swift; sourceTree = "<group>"; };
		8E9FFF992BDAD1E300D4211E /* CustomExerciseView.swift */ = {isa = PBXFileReference; lastKnownFileType = sourcecode.swift; path = CustomExerciseView.swift; sourceTree = "<group>"; };
		8E9FFF9C2BDAD75300D4211E /* ExerciseDetailView.swift */ = {isa = PBXFileReference; lastKnownFileType = sourcecode.swift; path = ExerciseDetailView.swift; sourceTree = "<group>"; };
		8E9FFF9F2BDAE16500D4211E /* NetworkExercise.swift */ = {isa = PBXFileReference; lastKnownFileType = sourcecode.swift; path = NetworkExercise.swift; sourceTree = "<group>"; };
		8ED58C892BDE2EAC008611FC /* AddRepsAndWeightButton.swift */ = {isa = PBXFileReference; lastKnownFileType = sourcecode.swift; path = AddRepsAndWeightButton.swift; sourceTree = "<group>"; };
		8ED58C8B2BDE3022008611FC /* EmptySearchView.swift */ = {isa = PBXFileReference; lastKnownFileType = sourcecode.swift; path = EmptySearchView.swift; sourceTree = "<group>"; };
		8ED58C8D2BDE3B90008611FC /* CoreDataModel.swift */ = {isa = PBXFileReference; lastKnownFileType = sourcecode.swift; path = CoreDataModel.swift; sourceTree = "<group>"; };
		8ED58C902BDE4851008611FC /* ExercisesDB.swift */ = {isa = PBXFileReference; lastKnownFileType = sourcecode.swift; path = ExercisesDB.swift; sourceTree = "<group>"; };
		8ED58C922BDE4906008611FC /* RepsDB.swift */ = {isa = PBXFileReference; lastKnownFileType = sourcecode.swift; path = RepsDB.swift; sourceTree = "<group>"; };
		8ED58C952BDE4C44008611FC /* DateExtension.swift */ = {isa = PBXFileReference; lastKnownFileType = sourcecode.swift; path = DateExtension.swift; sourceTree = "<group>"; };
		8EE0D97D2BDEEE2800023125 /* Launch Screen.storyboard */ = {isa = PBXFileReference; lastKnownFileType = file.storyboard; path = "Launch Screen.storyboard"; sourceTree = "<group>"; };
/* End PBXFileReference section */

/* Begin PBXFrameworksBuildPhase section */
		8E706C962BDA2BEB00C83A46 /* Frameworks */ = {
			isa = PBXFrameworksBuildPhase;
			buildActionMask = 2147483647;
			files = (
				8E706CD12BDA450600C83A46 /* SDWebImageSwiftUI in Frameworks */,
			);
			runOnlyForDeploymentPostprocessing = 0;
		};
		8E706CAB2BDA2BEC00C83A46 /* Frameworks */ = {
			isa = PBXFrameworksBuildPhase;
			buildActionMask = 2147483647;
			files = (
			);
			runOnlyForDeploymentPostprocessing = 0;
		};
		8E706CB52BDA2BEC00C83A46 /* Frameworks */ = {
			isa = PBXFrameworksBuildPhase;
			buildActionMask = 2147483647;
			files = (
			);
			runOnlyForDeploymentPostprocessing = 0;
		};
/* End PBXFrameworksBuildPhase section */

/* Begin PBXGroup section */
		8E1E02552BDCF69900F5961F /* Main */ = {
			isa = PBXGroup;
			children = (
				8E1E02562BDCF6A400F5961F /* MainView.swift */,
			);
			path = Main;
			sourceTree = "<group>";
		};
		8E45D57C2BE3A6E400571878 /* History */ = {
			isa = PBXGroup;
			children = (
				8E45D57D2BE3A6F800571878 /* HistoryView.swift */,
				8E00C70B2BE418E40096A7B7 /* ImportFromHistoryButton.swift */,
				8E00C70D2BE4191B0096A7B7 /* RemoveFromHistoryButton.swift */,
			);
			path = History;
			sourceTree = "<group>";
		};
		8E4CF6642BE01011007EC904 /* ViewModel */ = {
			isa = PBXGroup;
			children = (
				8E4CF6652BE0105A007EC904 /* ExercisesViewModel.swift */,
				8E4CF6672BE01428007EC904 /* RepsViewModel.swift */,
			);
			path = ViewModel;
			sourceTree = "<group>";
		};
		8E706C902BDA2BEB00C83A46 = {
			isa = PBXGroup;
			children = (
				8E706C9B2BDA2BEB00C83A46 /* Gym Buddy */,
				8E706CB12BDA2BEC00C83A46 /* Gym BuddyTests */,
				8E706CBB2BDA2BEC00C83A46 /* Gym BuddyUITests */,
				8E706C9A2BDA2BEB00C83A46 /* Products */,
			);
			sourceTree = "<group>";
		};
		8E706C9A2BDA2BEB00C83A46 /* Products */ = {
			isa = PBXGroup;
			children = (
				8E706C992BDA2BEB00C83A46 /* Gym Buddy.app */,
				8E706CAE2BDA2BEC00C83A46 /* Gym BuddyTests.xctest */,
				8E706CB82BDA2BEC00C83A46 /* Gym BuddyUITests.xctest */,
			);
			name = Products;
			sourceTree = "<group>";
		};
		8E706C9B2BDA2BEB00C83A46 /* Gym Buddy */ = {
			isa = PBXGroup;
			children = (
				8E706C9E2BDA2BEB00C83A46 /* ContentView.swift */,
				8E706C9C2BDA2BEB00C83A46 /* Gym_BuddyApp.swift */,
				8E706CD22BDA457700C83A46 /* Views */,
				8E4CF6642BE01011007EC904 /* ViewModel */,
				8E706CCB2BDA2C0A00C83A46 /* Model */,
				8ED58C942BDE4C2E008611FC /* Extensions */,
				8E706CA02BDA2BEC00C83A46 /* Assets.xcassets */,
				8E706CA72BDA2BEC00C83A46 /* Gym_Buddy.xcdatamodeld */,
				8E706CA22BDA2BEC00C83A46 /* Preview Content */,
				8E1E02512BDCEE7700F5961F /* Data.json */,
				8EE0D97D2BDEEE2800023125 /* Launch Screen.storyboard */,
			);
			path = "Gym Buddy";
			sourceTree = "<group>";
		};
		8E706CA22BDA2BEC00C83A46 /* Preview Content */ = {
			isa = PBXGroup;
			children = (
				8E706CA32BDA2BEC00C83A46 /* Preview Assets.xcassets */,
			);
			path = "Preview Content";
			sourceTree = "<group>";
		};
		8E706CB12BDA2BEC00C83A46 /* Gym BuddyTests */ = {
			isa = PBXGroup;
			children = (
				8E706CB22BDA2BEC00C83A46 /* Gym_BuddyTests.swift */,
			);
			path = "Gym BuddyTests";
			sourceTree = "<group>";
		};
		8E706CBB2BDA2BEC00C83A46 /* Gym BuddyUITests */ = {
			isa = PBXGroup;
			children = (
				8E706CBC2BDA2BEC00C83A46 /* Gym_BuddyUITests.swift */,
				8E706CBE2BDA2BEC00C83A46 /* Gym_BuddyUITestsLaunchTests.swift */,
			);
			path = "Gym BuddyUITests";
			sourceTree = "<group>";
		};
		8E706CCB2BDA2C0A00C83A46 /* Model */ = {
			isa = PBXGroup;
			children = (
				8E1E02532BDCEEF200F5961F /* LocalFetch.swift */,
				8E706CDD2BDA4BAC00C83A46 /* ExerciseApi.swift */,
				8ED58C8F2BDE483D008611FC /* CRUD */,
				8E706CCC2BDA2C1200C83A46 /* Network */,
				8E75093F2BDBE5B800147F8B /* CoreData */,
			);
			path = Model;
			sourceTree = "<group>";
		};
		8E706CCC2BDA2C1200C83A46 /* Network */ = {
			isa = PBXGroup;
			children = (
				8E706CCD2BDA2C1E00C83A46 /* Network.swift */,
				8E9FFF9F2BDAE16500D4211E /* NetworkExercise.swift */,
				8E1E024F2BDCE41200F5961F /* Utils.swift */,
			);
			path = Network;
			sourceTree = "<group>";
		};
		8E706CD22BDA457700C83A46 /* Views */ = {
			isa = PBXGroup;
			children = (
				8E45D57C2BE3A6E400571878 /* History */,
				8E1E02552BDCF69900F5961F /* Main */,
				8ED58C882BDE2E93008611FC /* Home */,
				8E9FFF9B2BDAD74200D4211E /* Search */,
				8E9FFF982BDAD1D700D4211E /* CustomCard */,
			);
			path = Views;
			sourceTree = "<group>";
		};
		8E75093F2BDBE5B800147F8B /* CoreData */ = {
			isa = PBXGroup;
			children = (
				8E75093D2BDBE47B00147F8B /* CoreDataProvider.swift */,
				8ED58C8D2BDE3B90008611FC /* CoreDataModel.swift */,
			);
			path = CoreData;
			sourceTree = "<group>";
		};
		8E7B01D22BE25FBE009A1D97 /* DatePicker */ = {
			isa = PBXGroup;
			children = (
				8E7B01D32BE25FD1009A1D97 /* DatePickerView.swift */,
				8E7B01D52BE25FE1009A1D97 /* CompactDatePicker.swift */,
			);
			path = DatePicker;
			sourceTree = "<group>";
		};
		8E7B01D72BE2600E009A1D97 /* ZeroExercisesView */ = {
			isa = PBXGroup;
			children = (
				8E7B01D82BE260C6009A1D97 /* SuggestionsView.swift */,
			);
			path = ZeroExercisesView;
			sourceTree = "<group>";
		};
		8E9FFF982BDAD1D700D4211E /* CustomCard */ = {
			isa = PBXGroup;
			children = (
				8E9FFF992BDAD1E300D4211E /* CustomExerciseView.swift */,
			);
			path = CustomCard;
			sourceTree = "<group>";
		};
		8E9FFF9B2BDAD74200D4211E /* Search */ = {
			isa = PBXGroup;
			children = (
				8E1E025A2BDCF73C00F5961F /* SearchTabView.swift */,
				8E706CD72BDA45E300C83A46 /* SearchView.swift */,
				8E706CD92BDA487500C83A46 /* AdvancedSearch.swift */,
				8E9FFF9C2BDAD75300D4211E /* ExerciseDetailView.swift */,
				8ED58C8B2BDE3022008611FC /* EmptySearchView.swift */,
			);
			path = Search;
			sourceTree = "<group>";
		};
		8ED58C882BDE2E93008611FC /* Home */ = {
			isa = PBXGroup;
			children = (
				8E7B01D72BE2600E009A1D97 /* ZeroExercisesView */,
				8E7B01D22BE25FBE009A1D97 /* DatePicker */,
				8ED58C892BDE2EAC008611FC /* AddRepsAndWeightButton.swift */,
				8E1E02582BDCF71500F5961F /* HomeTabView.swift */,
				8E7B01CC2BE25372009A1D97 /* CustomRepsView.swift */,
				8E7B01CE2BE25387009A1D97 /* AddRepsButton.swift */,
				8E7B01D02BE253A5009A1D97 /* CustomExerciseRepsView.swift */,
			);
			path = Home;
			sourceTree = "<group>";
		};
		8ED58C8F2BDE483D008611FC /* CRUD */ = {
			isa = PBXGroup;
			children = (
				8ED58C902BDE4851008611FC /* ExercisesDB.swift */,
				8ED58C922BDE4906008611FC /* RepsDB.swift */,
			);
			path = CRUD;
			sourceTree = "<group>";
		};
		8ED58C942BDE4C2E008611FC /* Extensions */ = {
			isa = PBXGroup;
			children = (
				8ED58C952BDE4C44008611FC /* DateExtension.swift */,
			);
			path = Extensions;
			sourceTree = "<group>";
		};
/* End PBXGroup section */

/* Begin PBXNativeTarget section */
		8E706C982BDA2BEB00C83A46 /* Gym Buddy */ = {
			isa = PBXNativeTarget;
			buildConfigurationList = 8E706CC22BDA2BEC00C83A46 /* Build configuration list for PBXNativeTarget "Gym Buddy" */;
			buildPhases = (
				8E706C952BDA2BEB00C83A46 /* Sources */,
				8E706C962BDA2BEB00C83A46 /* Frameworks */,
				8E706C972BDA2BEB00C83A46 /* Resources */,
			);
			buildRules = (
			);
			dependencies = (
			);
			name = "Gym Buddy";
			packageProductDependencies = (
				8E706CD02BDA450600C83A46 /* SDWebImageSwiftUI */,
			);
			productName = "Gym Buddy";
			productReference = 8E706C992BDA2BEB00C83A46 /* Gym Buddy.app */;
			productType = "com.apple.product-type.application";
		};
		8E706CAD2BDA2BEC00C83A46 /* Gym BuddyTests */ = {
			isa = PBXNativeTarget;
			buildConfigurationList = 8E706CC52BDA2BEC00C83A46 /* Build configuration list for PBXNativeTarget "Gym BuddyTests" */;
			buildPhases = (
				8E706CAA2BDA2BEC00C83A46 /* Sources */,
				8E706CAB2BDA2BEC00C83A46 /* Frameworks */,
				8E706CAC2BDA2BEC00C83A46 /* Resources */,
			);
			buildRules = (
			);
			dependencies = (
				8E706CB02BDA2BEC00C83A46 /* PBXTargetDependency */,
			);
			name = "Gym BuddyTests";
			productName = "Gym BuddyTests";
			productReference = 8E706CAE2BDA2BEC00C83A46 /* Gym BuddyTests.xctest */;
			productType = "com.apple.product-type.bundle.unit-test";
		};
		8E706CB72BDA2BEC00C83A46 /* Gym BuddyUITests */ = {
			isa = PBXNativeTarget;
			buildConfigurationList = 8E706CC82BDA2BEC00C83A46 /* Build configuration list for PBXNativeTarget "Gym BuddyUITests" */;
			buildPhases = (
				8E706CB42BDA2BEC00C83A46 /* Sources */,
				8E706CB52BDA2BEC00C83A46 /* Frameworks */,
				8E706CB62BDA2BEC00C83A46 /* Resources */,
			);
			buildRules = (
			);
			dependencies = (
				8E706CBA2BDA2BEC00C83A46 /* PBXTargetDependency */,
			);
			name = "Gym BuddyUITests";
			productName = "Gym BuddyUITests";
			productReference = 8E706CB82BDA2BEC00C83A46 /* Gym BuddyUITests.xctest */;
			productType = "com.apple.product-type.bundle.ui-testing";
		};
/* End PBXNativeTarget section */

/* Begin PBXProject section */
		8E706C912BDA2BEB00C83A46 /* Project object */ = {
			isa = PBXProject;
			attributes = {
				BuildIndependentTargetsInParallel = 1;
				LastSwiftUpdateCheck = 1530;
				LastUpgradeCheck = 1530;
				TargetAttributes = {
					8E706C982BDA2BEB00C83A46 = {
						CreatedOnToolsVersion = 15.3;
					};
					8E706CAD2BDA2BEC00C83A46 = {
						CreatedOnToolsVersion = 15.3;
						TestTargetID = 8E706C982BDA2BEB00C83A46;
					};
					8E706CB72BDA2BEC00C83A46 = {
						CreatedOnToolsVersion = 15.3;
						TestTargetID = 8E706C982BDA2BEB00C83A46;
					};
				};
			};
			buildConfigurationList = 8E706C942BDA2BEB00C83A46 /* Build configuration list for PBXProject "Gym Buddy" */;
			compatibilityVersion = "Xcode 14.0";
			developmentRegion = en;
			hasScannedForEncodings = 0;
			knownRegions = (
				en,
				Base,
			);
			mainGroup = 8E706C902BDA2BEB00C83A46;
			packageReferences = (
				8E706CCF2BDA450600C83A46 /* XCRemoteSwiftPackageReference "SDWebImageSwiftUI" */,
			);
			productRefGroup = 8E706C9A2BDA2BEB00C83A46 /* Products */;
			projectDirPath = "";
			projectRoot = "";
			targets = (
				8E706C982BDA2BEB00C83A46 /* Gym Buddy */,
				8E706CAD2BDA2BEC00C83A46 /* Gym BuddyTests */,
				8E706CB72BDA2BEC00C83A46 /* Gym BuddyUITests */,
			);
		};
/* End PBXProject section */

/* Begin PBXResourcesBuildPhase section */
		8E706C972BDA2BEB00C83A46 /* Resources */ = {
			isa = PBXResourcesBuildPhase;
			buildActionMask = 2147483647;
			files = (
				8E706CA42BDA2BEC00C83A46 /* Preview Assets.xcassets in Resources */,
				8E706CA12BDA2BEC00C83A46 /* Assets.xcassets in Resources */,
				8EE0D97E2BDEEE2800023125 /* Launch Screen.storyboard in Resources */,
				8E1E02522BDCEE7700F5961F /* Data.json in Resources */,
			);
			runOnlyForDeploymentPostprocessing = 0;
		};
		8E706CAC2BDA2BEC00C83A46 /* Resources */ = {
			isa = PBXResourcesBuildPhase;
			buildActionMask = 2147483647;
			files = (
			);
			runOnlyForDeploymentPostprocessing = 0;
		};
		8E706CB62BDA2BEC00C83A46 /* Resources */ = {
			isa = PBXResourcesBuildPhase;
			buildActionMask = 2147483647;
			files = (
			);
			runOnlyForDeploymentPostprocessing = 0;
		};
/* End PBXResourcesBuildPhase section */

/* Begin PBXSourcesBuildPhase section */
		8E706C952BDA2BEB00C83A46 /* Sources */ = {
			isa = PBXSourcesBuildPhase;
			buildActionMask = 2147483647;
			files = (
				8E7B01D92BE260C6009A1D97 /* SuggestionsView.swift in Sources */,
				8E1E02542BDCEEF200F5961F /* LocalFetch.swift in Sources */,
				8E9FFF9D2BDAD75300D4211E /* ExerciseDetailView.swift in Sources */,
				8E706CCE2BDA2C1E00C83A46 /* Network.swift in Sources */,
				8ED58C8A2BDE2EAC008611FC /* AddRepsAndWeightButton.swift in Sources */,
				8E7B01D62BE25FE1009A1D97 /* CompactDatePicker.swift in Sources */,
				8E706CD52BDA459300C83A46 /* ContentView.swift in Sources */,
				8E9FFFA02BDAE16500D4211E /* NetworkExercise.swift in Sources */,
				8ED58C932BDE4906008611FC /* RepsDB.swift in Sources */,
				8ED58C8C2BDE3022008611FC /* EmptySearchView.swift in Sources */,
				8E9FFF9A2BDAD1E300D4211E /* CustomExerciseView.swift in Sources */,
				8E1E025B2BDCF73C00F5961F /* SearchTabView.swift in Sources */,
				8ED58C912BDE4851008611FC /* ExercisesDB.swift in Sources */,
				8E1E02502BDCE41200F5961F /* Utils.swift in Sources */,
				8E706CD82BDA45E300C83A46 /* SearchView.swift in Sources */,
				8E00C70E2BE4191B0096A7B7 /* RemoveFromHistoryButton.swift in Sources */,
				8E706CA92BDA2BEC00C83A46 /* Gym_Buddy.xcdatamodeld in Sources */,
				8E45D57E2BE3A6F800571878 /* HistoryView.swift in Sources */,
				8E706C9D2BDA2BEB00C83A46 /* Gym_BuddyApp.swift in Sources */,
				8E706CDE2BDA4BAC00C83A46 /* ExerciseApi.swift in Sources */,
				8E7B01D12BE253A5009A1D97 /* CustomExerciseRepsView.swift in Sources */,
				8E9FFF9E2BDADF2A00D4211E /* AdvancedSearch.swift in Sources */,
				8E00C70C2BE418E40096A7B7 /* ImportFromHistoryButton.swift in Sources */,
				8E7B01D42BE25FD1009A1D97 /* DatePickerView.swift in Sources */,
				8E4CF6682BE01428007EC904 /* RepsViewModel.swift in Sources */,
				8E4CF6662BE0105A007EC904 /* ExercisesViewModel.swift in Sources */,
				8E7B01CF2BE25387009A1D97 /* AddRepsButton.swift in Sources */,
				8ED58C962BDE4C44008611FC /* DateExtension.swift in Sources */,
				8E1E02592BDCF71500F5961F /* HomeTabView.swift in Sources */,
				8E1E02572BDCF6A400F5961F /* MainView.swift in Sources */,
				8ED58C8E2BDE3B90008611FC /* CoreDataModel.swift in Sources */,
				8E75093E2BDBE47B00147F8B /* CoreDataProvider.swift in Sources */,
				8E7B01CD2BE25372009A1D97 /* CustomRepsView.swift in Sources */,
			);
			runOnlyForDeploymentPostprocessing = 0;
		};
		8E706CAA2BDA2BEC00C83A46 /* Sources */ = {
			isa = PBXSourcesBuildPhase;
			buildActionMask = 2147483647;
			files = (
				8E706CB32BDA2BEC00C83A46 /* Gym_BuddyTests.swift in Sources */,
			);
			runOnlyForDeploymentPostprocessing = 0;
		};
		8E706CB42BDA2BEC00C83A46 /* Sources */ = {
			isa = PBXSourcesBuildPhase;
			buildActionMask = 2147483647;
			files = (
				8E706CBD2BDA2BEC00C83A46 /* Gym_BuddyUITests.swift in Sources */,
				8E706CBF2BDA2BEC00C83A46 /* Gym_BuddyUITestsLaunchTests.swift in Sources */,
			);
			runOnlyForDeploymentPostprocessing = 0;
		};
/* End PBXSourcesBuildPhase section */

/* Begin PBXTargetDependency section */
		8E706CB02BDA2BEC00C83A46 /* PBXTargetDependency */ = {
			isa = PBXTargetDependency;
			target = 8E706C982BDA2BEB00C83A46 /* Gym Buddy */;
			targetProxy = 8E706CAF2BDA2BEC00C83A46 /* PBXContainerItemProxy */;
		};
		8E706CBA2BDA2BEC00C83A46 /* PBXTargetDependency */ = {
			isa = PBXTargetDependency;
			target = 8E706C982BDA2BEB00C83A46 /* Gym Buddy */;
			targetProxy = 8E706CB92BDA2BEC00C83A46 /* PBXContainerItemProxy */;
		};
/* End PBXTargetDependency section */

/* Begin XCBuildConfiguration section */
		8E706CC02BDA2BEC00C83A46 /* Debug */ = {
			isa = XCBuildConfiguration;
			buildSettings = {
				ALWAYS_SEARCH_USER_PATHS = NO;
				ASSETCATALOG_COMPILER_GENERATE_SWIFT_ASSET_SYMBOL_EXTENSIONS = YES;
				CLANG_ANALYZER_NONNULL = YES;
				CLANG_ANALYZER_NUMBER_OBJECT_CONVERSION = YES_AGGRESSIVE;
				CLANG_CXX_LANGUAGE_STANDARD = "gnu++20";
				CLANG_ENABLE_MODULES = YES;
				CLANG_ENABLE_OBJC_ARC = YES;
				CLANG_ENABLE_OBJC_WEAK = YES;
				CLANG_WARN_BLOCK_CAPTURE_AUTORELEASING = YES;
				CLANG_WARN_BOOL_CONVERSION = YES;
				CLANG_WARN_COMMA = YES;
				CLANG_WARN_CONSTANT_CONVERSION = YES;
				CLANG_WARN_DEPRECATED_OBJC_IMPLEMENTATIONS = YES;
				CLANG_WARN_DIRECT_OBJC_ISA_USAGE = YES_ERROR;
				CLANG_WARN_DOCUMENTATION_COMMENTS = YES;
				CLANG_WARN_EMPTY_BODY = YES;
				CLANG_WARN_ENUM_CONVERSION = YES;
				CLANG_WARN_INFINITE_RECURSION = YES;
				CLANG_WARN_INT_CONVERSION = YES;
				CLANG_WARN_NON_LITERAL_NULL_CONVERSION = YES;
				CLANG_WARN_OBJC_IMPLICIT_RETAIN_SELF = YES;
				CLANG_WARN_OBJC_LITERAL_CONVERSION = YES;
				CLANG_WARN_OBJC_ROOT_CLASS = YES_ERROR;
				CLANG_WARN_QUOTED_INCLUDE_IN_FRAMEWORK_HEADER = YES;
				CLANG_WARN_RANGE_LOOP_ANALYSIS = YES;
				CLANG_WARN_STRICT_PROTOTYPES = YES;
				CLANG_WARN_SUSPICIOUS_MOVE = YES;
				CLANG_WARN_UNGUARDED_AVAILABILITY = YES_AGGRESSIVE;
				CLANG_WARN_UNREACHABLE_CODE = YES;
				CLANG_WARN__DUPLICATE_METHOD_MATCH = YES;
				COPY_PHASE_STRIP = NO;
				DEBUG_INFORMATION_FORMAT = dwarf;
				ENABLE_STRICT_OBJC_MSGSEND = YES;
				ENABLE_TESTABILITY = YES;
				ENABLE_USER_SCRIPT_SANDBOXING = YES;
				GCC_C_LANGUAGE_STANDARD = gnu17;
				GCC_DYNAMIC_NO_PIC = NO;
				GCC_NO_COMMON_BLOCKS = YES;
				GCC_OPTIMIZATION_LEVEL = 0;
				GCC_PREPROCESSOR_DEFINITIONS = (
					"DEBUG=1",
					"$(inherited)",
				);
				GCC_WARN_64_TO_32_BIT_CONVERSION = YES;
				GCC_WARN_ABOUT_RETURN_TYPE = YES_ERROR;
				GCC_WARN_UNDECLARED_SELECTOR = YES;
				GCC_WARN_UNINITIALIZED_AUTOS = YES_AGGRESSIVE;
				GCC_WARN_UNUSED_FUNCTION = YES;
				GCC_WARN_UNUSED_VARIABLE = YES;
				IPHONEOS_DEPLOYMENT_TARGET = 16.5;
				LOCALIZATION_PREFERS_STRING_CATALOGS = YES;
				MTL_ENABLE_DEBUG_INFO = INCLUDE_SOURCE;
				MTL_FAST_MATH = YES;
				ONLY_ACTIVE_ARCH = YES;
				SDKROOT = iphoneos;
				SWIFT_ACTIVE_COMPILATION_CONDITIONS = "DEBUG $(inherited)";
				SWIFT_OPTIMIZATION_LEVEL = "-Onone";
			};
			name = Debug;
		};
		8E706CC12BDA2BEC00C83A46 /* Release */ = {
			isa = XCBuildConfiguration;
			buildSettings = {
				ALWAYS_SEARCH_USER_PATHS = NO;
				ASSETCATALOG_COMPILER_GENERATE_SWIFT_ASSET_SYMBOL_EXTENSIONS = YES;
				CLANG_ANALYZER_NONNULL = YES;
				CLANG_ANALYZER_NUMBER_OBJECT_CONVERSION = YES_AGGRESSIVE;
				CLANG_CXX_LANGUAGE_STANDARD = "gnu++20";
				CLANG_ENABLE_MODULES = YES;
				CLANG_ENABLE_OBJC_ARC = YES;
				CLANG_ENABLE_OBJC_WEAK = YES;
				CLANG_WARN_BLOCK_CAPTURE_AUTORELEASING = YES;
				CLANG_WARN_BOOL_CONVERSION = YES;
				CLANG_WARN_COMMA = YES;
				CLANG_WARN_CONSTANT_CONVERSION = YES;
				CLANG_WARN_DEPRECATED_OBJC_IMPLEMENTATIONS = YES;
				CLANG_WARN_DIRECT_OBJC_ISA_USAGE = YES_ERROR;
				CLANG_WARN_DOCUMENTATION_COMMENTS = YES;
				CLANG_WARN_EMPTY_BODY = YES;
				CLANG_WARN_ENUM_CONVERSION = YES;
				CLANG_WARN_INFINITE_RECURSION = YES;
				CLANG_WARN_INT_CONVERSION = YES;
				CLANG_WARN_NON_LITERAL_NULL_CONVERSION = YES;
				CLANG_WARN_OBJC_IMPLICIT_RETAIN_SELF = YES;
				CLANG_WARN_OBJC_LITERAL_CONVERSION = YES;
				CLANG_WARN_OBJC_ROOT_CLASS = YES_ERROR;
				CLANG_WARN_QUOTED_INCLUDE_IN_FRAMEWORK_HEADER = YES;
				CLANG_WARN_RANGE_LOOP_ANALYSIS = YES;
				CLANG_WARN_STRICT_PROTOTYPES = YES;
				CLANG_WARN_SUSPICIOUS_MOVE = YES;
				CLANG_WARN_UNGUARDED_AVAILABILITY = YES_AGGRESSIVE;
				CLANG_WARN_UNREACHABLE_CODE = YES;
				CLANG_WARN__DUPLICATE_METHOD_MATCH = YES;
				COPY_PHASE_STRIP = NO;
				DEBUG_INFORMATION_FORMAT = "dwarf-with-dsym";
				ENABLE_NS_ASSERTIONS = NO;
				ENABLE_STRICT_OBJC_MSGSEND = YES;
				ENABLE_USER_SCRIPT_SANDBOXING = YES;
				GCC_C_LANGUAGE_STANDARD = gnu17;
				GCC_NO_COMMON_BLOCKS = YES;
				GCC_WARN_64_TO_32_BIT_CONVERSION = YES;
				GCC_WARN_ABOUT_RETURN_TYPE = YES_ERROR;
				GCC_WARN_UNDECLARED_SELECTOR = YES;
				GCC_WARN_UNINITIALIZED_AUTOS = YES_AGGRESSIVE;
				GCC_WARN_UNUSED_FUNCTION = YES;
				GCC_WARN_UNUSED_VARIABLE = YES;
				IPHONEOS_DEPLOYMENT_TARGET = 16.5;
				LOCALIZATION_PREFERS_STRING_CATALOGS = YES;
				MTL_ENABLE_DEBUG_INFO = NO;
				MTL_FAST_MATH = YES;
				SDKROOT = iphoneos;
				SWIFT_COMPILATION_MODE = wholemodule;
				VALIDATE_PRODUCT = YES;
			};
			name = Release;
		};
		8E706CC32BDA2BEC00C83A46 /* Debug */ = {
			isa = XCBuildConfiguration;
			buildSettings = {
				ASSETCATALOG_COMPILER_APPICON_NAME = AppIcon;
				ASSETCATALOG_COMPILER_GLOBAL_ACCENT_COLOR_NAME = AccentColor;
				CODE_SIGN_STYLE = Automatic;
				CURRENT_PROJECT_VERSION = 1;
				DEVELOPMENT_ASSET_PATHS = "\"Gym Buddy/Preview Content\"";
				DEVELOPMENT_TEAM = 8B683A2ABG;
				ENABLE_PREVIEWS = YES;
				GENERATE_INFOPLIST_FILE = YES;
				INFOPLIST_FILE = "Gym-Buddy-Info.plist";
				INFOPLIST_KEY_UIApplicationSceneManifest_Generation = YES;
				INFOPLIST_KEY_UIApplicationSupportsIndirectInputEvents = YES;
				INFOPLIST_KEY_UILaunchStoryboardName = "Launch Screen.storyboard";
				INFOPLIST_KEY_UISupportedInterfaceOrientations_iPad = "UIInterfaceOrientationPortrait UIInterfaceOrientationPortraitUpsideDown UIInterfaceOrientationLandscapeLeft UIInterfaceOrientationLandscapeRight";
				INFOPLIST_KEY_UISupportedInterfaceOrientations_iPhone = "UIInterfaceOrientationPortrait UIInterfaceOrientationLandscapeLeft UIInterfaceOrientationLandscapeRight";
				IPHONEOS_DEPLOYMENT_TARGET = 16.5;
				LD_RUNPATH_SEARCH_PATHS = (
					"$(inherited)",
					"@executable_path/Frameworks",
				);
				MARKETING_VERSION = 1.0;
				PRODUCT_BUNDLE_IDENTIFIER = "com.miloiu.Gym-Buddy";
				PRODUCT_NAME = "$(TARGET_NAME)";
				SUPPORTED_PLATFORMS = "iphoneos iphonesimulator";
				SUPPORTS_MACCATALYST = NO;
				SUPPORTS_XR_DESIGNED_FOR_IPHONE_IPAD = NO;
				SWIFT_EMIT_LOC_STRINGS = YES;
				SWIFT_VERSION = 5.0;
				TARGETED_DEVICE_FAMILY = "1,2";
			};
			name = Debug;
		};
		8E706CC42BDA2BEC00C83A46 /* Release */ = {
			isa = XCBuildConfiguration;
			buildSettings = {
				ASSETCATALOG_COMPILER_APPICON_NAME = AppIcon;
				ASSETCATALOG_COMPILER_GLOBAL_ACCENT_COLOR_NAME = AccentColor;
				CODE_SIGN_STYLE = Automatic;
				CURRENT_PROJECT_VERSION = 1;
				DEVELOPMENT_ASSET_PATHS = "\"Gym Buddy/Preview Content\"";
				DEVELOPMENT_TEAM = 8B683A2ABG;
				ENABLE_PREVIEWS = YES;
				GENERATE_INFOPLIST_FILE = YES;
				INFOPLIST_FILE = "Gym-Buddy-Info.plist";
				INFOPLIST_KEY_UIApplicationSceneManifest_Generation = YES;
				INFOPLIST_KEY_UIApplicationSupportsIndirectInputEvents = YES;
				INFOPLIST_KEY_UILaunchStoryboardName = "Launch Screen.storyboard";
				INFOPLIST_KEY_UISupportedInterfaceOrientations_iPad = "UIInterfaceOrientationPortrait UIInterfaceOrientationPortraitUpsideDown UIInterfaceOrientationLandscapeLeft UIInterfaceOrientationLandscapeRight";
				INFOPLIST_KEY_UISupportedInterfaceOrientations_iPhone = "UIInterfaceOrientationPortrait UIInterfaceOrientationLandscapeLeft UIInterfaceOrientationLandscapeRight";
				IPHONEOS_DEPLOYMENT_TARGET = 16.5;
				LD_RUNPATH_SEARCH_PATHS = (
					"$(inherited)",
					"@executable_path/Frameworks",
				);
				MARKETING_VERSION = 1.0;
				PRODUCT_BUNDLE_IDENTIFIER = "com.miloiu.Gym-Buddy";
				PRODUCT_NAME = "$(TARGET_NAME)";
				SUPPORTED_PLATFORMS = "iphoneos iphonesimulator";
				SUPPORTS_MACCATALYST = NO;
				SUPPORTS_XR_DESIGNED_FOR_IPHONE_IPAD = NO;
				SWIFT_EMIT_LOC_STRINGS = YES;
				SWIFT_VERSION = 5.0;
				TARGETED_DEVICE_FAMILY = "1,2";
			};
			name = Release;
		};
		8E706CC62BDA2BEC00C83A46 /* Debug */ = {
			isa = XCBuildConfiguration;
			buildSettings = {
				ALWAYS_EMBED_SWIFT_STANDARD_LIBRARIES = YES;
				BUNDLE_LOADER = "$(TEST_HOST)";
				CODE_SIGN_STYLE = Automatic;
				CURRENT_PROJECT_VERSION = 1;
				DEVELOPMENT_TEAM = 8B683A2ABG;
				GENERATE_INFOPLIST_FILE = YES;
				IPHONEOS_DEPLOYMENT_TARGET = 16.5;
				MARKETING_VERSION = 1.0;
				PRODUCT_BUNDLE_IDENTIFIER = "com.miloiu.Gym-BuddyTests";
				PRODUCT_NAME = "$(TARGET_NAME)";
				SWIFT_EMIT_LOC_STRINGS = NO;
				SWIFT_VERSION = 5.0;
				TARGETED_DEVICE_FAMILY = "1,2";
				TEST_HOST = "$(BUILT_PRODUCTS_DIR)/Gym Buddy.app/$(BUNDLE_EXECUTABLE_FOLDER_PATH)/Gym Buddy";
			};
			name = Debug;
		};
		8E706CC72BDA2BEC00C83A46 /* Release */ = {
			isa = XCBuildConfiguration;
			buildSettings = {
				ALWAYS_EMBED_SWIFT_STANDARD_LIBRARIES = YES;
				BUNDLE_LOADER = "$(TEST_HOST)";
				CODE_SIGN_STYLE = Automatic;
				CURRENT_PROJECT_VERSION = 1;
				DEVELOPMENT_TEAM = 8B683A2ABG;
				GENERATE_INFOPLIST_FILE = YES;
				IPHONEOS_DEPLOYMENT_TARGET = 16.5;
				MARKETING_VERSION = 1.0;
				PRODUCT_BUNDLE_IDENTIFIER = "com.miloiu.Gym-BuddyTests";
				PRODUCT_NAME = "$(TARGET_NAME)";
				SWIFT_EMIT_LOC_STRINGS = NO;
				SWIFT_VERSION = 5.0;
				TARGETED_DEVICE_FAMILY = "1,2";
				TEST_HOST = "$(BUILT_PRODUCTS_DIR)/Gym Buddy.app/$(BUNDLE_EXECUTABLE_FOLDER_PATH)/Gym Buddy";
			};
			name = Release;
		};
		8E706CC92BDA2BEC00C83A46 /* Debug */ = {
			isa = XCBuildConfiguration;
			buildSettings = {
				ALWAYS_EMBED_SWIFT_STANDARD_LIBRARIES = YES;
				CODE_SIGN_STYLE = Automatic;
				CURRENT_PROJECT_VERSION = 1;
				DEVELOPMENT_TEAM = 8B683A2ABG;
				GENERATE_INFOPLIST_FILE = YES;
				IPHONEOS_DEPLOYMENT_TARGET = 16.5;
				MARKETING_VERSION = 1.0;
				PRODUCT_BUNDLE_IDENTIFIER = "com.miloiu.Gym-BuddyUITests";
				PRODUCT_NAME = "$(TARGET_NAME)";
				SWIFT_EMIT_LOC_STRINGS = NO;
				SWIFT_VERSION = 5.0;
				TARGETED_DEVICE_FAMILY = "1,2";
				TEST_TARGET_NAME = "Gym Buddy";
			};
			name = Debug;
		};
		8E706CCA2BDA2BEC00C83A46 /* Release */ = {
			isa = XCBuildConfiguration;
			buildSettings = {
				ALWAYS_EMBED_SWIFT_STANDARD_LIBRARIES = YES;
				CODE_SIGN_STYLE = Automatic;
				CURRENT_PROJECT_VERSION = 1;
				DEVELOPMENT_TEAM = 8B683A2ABG;
				GENERATE_INFOPLIST_FILE = YES;
				IPHONEOS_DEPLOYMENT_TARGET = 16.5;
				MARKETING_VERSION = 1.0;
				PRODUCT_BUNDLE_IDENTIFIER = "com.miloiu.Gym-BuddyUITests";
				PRODUCT_NAME = "$(TARGET_NAME)";
				SWIFT_EMIT_LOC_STRINGS = NO;
				SWIFT_VERSION = 5.0;
				TARGETED_DEVICE_FAMILY = "1,2";
				TEST_TARGET_NAME = "Gym Buddy";
			};
			name = Release;
		};
/* End XCBuildConfiguration section */

/* Begin XCConfigurationList section */
		8E706C942BDA2BEB00C83A46 /* Build configuration list for PBXProject "Gym Buddy" */ = {
			isa = XCConfigurationList;
			buildConfigurations = (
				8E706CC02BDA2BEC00C83A46 /* Debug */,
				8E706CC12BDA2BEC00C83A46 /* Release */,
			);
			defaultConfigurationIsVisible = 0;
			defaultConfigurationName = Release;
		};
		8E706CC22BDA2BEC00C83A46 /* Build configuration list for PBXNativeTarget "Gym Buddy" */ = {
			isa = XCConfigurationList;
			buildConfigurations = (
				8E706CC32BDA2BEC00C83A46 /* Debug */,
				8E706CC42BDA2BEC00C83A46 /* Release */,
			);
			defaultConfigurationIsVisible = 0;
			defaultConfigurationName = Release;
		};
		8E706CC52BDA2BEC00C83A46 /* Build configuration list for PBXNativeTarget "Gym BuddyTests" */ = {
			isa = XCConfigurationList;
			buildConfigurations = (
				8E706CC62BDA2BEC00C83A46 /* Debug */,
				8E706CC72BDA2BEC00C83A46 /* Release */,
			);
			defaultConfigurationIsVisible = 0;
			defaultConfigurationName = Release;
		};
		8E706CC82BDA2BEC00C83A46 /* Build configuration list for PBXNativeTarget "Gym BuddyUITests" */ = {
			isa = XCConfigurationList;
			buildConfigurations = (
				8E706CC92BDA2BEC00C83A46 /* Debug */,
				8E706CCA2BDA2BEC00C83A46 /* Release */,
			);
			defaultConfigurationIsVisible = 0;
			defaultConfigurationName = Release;
		};
/* End XCConfigurationList section */

/* Begin XCRemoteSwiftPackageReference section */
		8E706CCF2BDA450600C83A46 /* XCRemoteSwiftPackageReference "SDWebImageSwiftUI" */ = {
			isa = XCRemoteSwiftPackageReference;
			repositoryURL = "https://github.com/SDWebImage/SDWebImageSwiftUI.git";
			requirement = {
				kind = upToNextMajorVersion;
				minimumVersion = 3.0.2;
			};
		};
/* End XCRemoteSwiftPackageReference section */

/* Begin XCSwiftPackageProductDependency section */
		8E706CD02BDA450600C83A46 /* SDWebImageSwiftUI */ = {
			isa = XCSwiftPackageProductDependency;
			package = 8E706CCF2BDA450600C83A46 /* XCRemoteSwiftPackageReference "SDWebImageSwiftUI" */;
			productName = SDWebImageSwiftUI;
		};
/* End XCSwiftPackageProductDependency section */

/* Begin XCVersionGroup section */
		8E706CA72BDA2BEC00C83A46 /* Gym_Buddy.xcdatamodeld */ = {
			isa = XCVersionGroup;
			children = (
				8E706CA82BDA2BEC00C83A46 /* Gym_Buddy.xcdatamodel */,
			);
			currentVersion = 8E706CA82BDA2BEC00C83A46 /* Gym_Buddy.xcdatamodel */;
			path = Gym_Buddy.xcdatamodeld;
			sourceTree = "<group>";
			versionGroupType = wrapper.xcdatamodel;
		};
/* End XCVersionGroup section */
	};
	rootObject = 8E706C912BDA2BEB00C83A46 /* Project object */;
}
